// !$*UTF8*$!
{
	archiveVersion = 1;
	classes = {
	};
	objectVersion = 55;
	objects = {

/* Begin PBXBuildFile section */
		43E1B3642676C57B00D261BA /* AppDelegate.swift in Sources */ = {isa = PBXBuildFile; fileRef = 43E1B3632676C57B00D261BA /* AppDelegate.swift */; };
		43E1B3662676C57B00D261BA /* SceneDelegate.swift in Sources */ = {isa = PBXBuildFile; fileRef = 43E1B3652676C57B00D261BA /* SceneDelegate.swift */; };
		43E1B3682676C57B00D261BA /* ViewController.swift in Sources */ = {isa = PBXBuildFile; fileRef = 43E1B3672676C57B00D261BA /* ViewController.swift */; };
		43E1B36B2676C57B00D261BA /* Main.storyboard in Resources */ = {isa = PBXBuildFile; fileRef = 43E1B3692676C57B00D261BA /* Main.storyboard */; };
		43E1B36D2676C57C00D261BA /* Assets.xcassets in Resources */ = {isa = PBXBuildFile; fileRef = 43E1B36C2676C57C00D261BA /* Assets.xcassets */; };
		43E1B3702676C57C00D261BA /* LaunchScreen.storyboard in Resources */ = {isa = PBXBuildFile; fileRef = 43E1B36E2676C57C00D261BA /* LaunchScreen.storyboard */; };
		43E1B37B2676C57C00D261BA /* ActorsTests.swift in Sources */ = {isa = PBXBuildFile; fileRef = 43E1B37A2676C57C00D261BA /* ActorsTests.swift */; };
		43E1B3852676C57C00D261BA /* ActorsUITests.swift in Sources */ = {isa = PBXBuildFile; fileRef = 43E1B3842676C57C00D261BA /* ActorsUITests.swift */; };
/* End PBXBuildFile section */

/* Begin PBXContainerItemProxy section */
		43E1B3772676C57C00D261BA /* PBXContainerItemProxy */ = {
			isa = PBXContainerItemProxy;
			containerPortal = 43E1B3582676C57B00D261BA /* Project object */;
			proxyType = 1;
			remoteGlobalIDString = 43E1B35F2676C57B00D261BA;
			remoteInfo = Actors;
		};
		43E1B3812676C57C00D261BA /* PBXContainerItemProxy */ = {
			isa = PBXContainerItemProxy;
			containerPortal = 43E1B3582676C57B00D261BA /* Project object */;
			proxyType = 1;
			remoteGlobalIDString = 43E1B35F2676C57B00D261BA;
			remoteInfo = Actors;
		};
/* End PBXContainerItemProxy section */

/* Begin PBXFileReference section */
		43E1B3602676C57B00D261BA /* Actors.app */ = {isa = PBXFileReference; explicitFileType = wrapper.application; includeInIndex = 0; path = Actors.app; sourceTree = BUILT_PRODUCTS_DIR; };
		43E1B3632676C57B00D261BA /* AppDelegate.swift */ = {isa = PBXFileReference; lastKnownFileType = sourcecode.swift; path = AppDelegate.swift; sourceTree = "<group>"; };
		43E1B3652676C57B00D261BA /* SceneDelegate.swift */ = {isa = PBXFileReference; lastKnownFileType = sourcecode.swift; path = SceneDelegate.swift; sourceTree = "<group>"; };
		43E1B3672676C57B00D261BA /* ViewController.swift */ = {isa = PBXFileReference; lastKnownFileType = sourcecode.swift; path = ViewController.swift; sourceTree = "<group>"; };
		43E1B36A2676C57B00D261BA /* Base */ = {isa = PBXFileReference; lastKnownFileType = file.storyboard; name = Base; path = Base.lproj/Main.storyboard; sourceTree = "<group>"; };
		43E1B36C2676C57C00D261BA /* Assets.xcassets */ = {isa = PBXFileReference; lastKnownFileType = folder.assetcatalog; path = Assets.xcassets; sourceTree = "<group>"; };
		43E1B36F2676C57C00D261BA /* Base */ = {isa = PBXFileReference; lastKnownFileType = file.storyboard; name = Base; path = Base.lproj/LaunchScreen.storyboard; sourceTree = "<group>"; };
		43E1B3712676C57C00D261BA /* Info.plist */ = {isa = PBXFileReference; lastKnownFileType = text.plist.xml; path = Info.plist; sourceTree = "<group>"; };
		43E1B3762676C57C00D261BA /* ActorsTests.xctest */ = {isa = PBXFileReference; explicitFileType = wrapper.cfbundle; includeInIndex = 0; path = ActorsTests.xctest; sourceTree = BUILT_PRODUCTS_DIR; };
		43E1B37A2676C57C00D261BA /* ActorsTests.swift */ = {isa = PBXFileReference; lastKnownFileType = sourcecode.swift; path = ActorsTests.swift; sourceTree = "<group>"; };
		43E1B3802676C57C00D261BA /* ActorsUITests.xctest */ = {isa = PBXFileReference; explicitFileType = wrapper.cfbundle; includeInIndex = 0; path = ActorsUITests.xctest; sourceTree = BUILT_PRODUCTS_DIR; };
		43E1B3842676C57C00D261BA /* ActorsUITests.swift */ = {isa = PBXFileReference; lastKnownFileType = sourcecode.swift; path = ActorsUITests.swift; sourceTree = "<group>"; };
/* End PBXFileReference section */

/* Begin PBXFrameworksBuildPhase section */
		43E1B35D2676C57B00D261BA /* Frameworks */ = {
			isa = PBXFrameworksBuildPhase;
			buildActionMask = 2147483647;
			files = (
			);
			runOnlyForDeploymentPostprocessing = 0;
		};
		43E1B3732676C57C00D261BA /* Frameworks */ = {
			isa = PBXFrameworksBuildPhase;
			buildActionMask = 2147483647;
			files = (
			);
			runOnlyForDeploymentPostprocessing = 0;
		};
		43E1B37D2676C57C00D261BA /* Frameworks */ = {
			isa = PBXFrameworksBuildPhase;
			buildActionMask = 2147483647;
			files = (
			);
			runOnlyForDeploymentPostprocessing = 0;
		};
/* End PBXFrameworksBuildPhase section */

/* Begin PBXGroup section */
		43E1B3572676C57B00D261BA = {
			isa = PBXGroup;
			children = (
				43E1B3622676C57B00D261BA /* Actors */,
				43E1B3792676C57C00D261BA /* ActorsTests */,
				43E1B3832676C57C00D261BA /* ActorsUITests */,
				43E1B3612676C57B00D261BA /* Products */,
			);
			sourceTree = "<group>";
		};
		43E1B3612676C57B00D261BA /* Products */ = {
			isa = PBXGroup;
			children = (
				43E1B3602676C57B00D261BA /* Actors.app */,
				43E1B3762676C57C00D261BA /* ActorsTests.xctest */,
				43E1B3802676C57C00D261BA /* ActorsUITests.xctest */,
			);
			name = Products;
			sourceTree = "<group>";
		};
		43E1B3622676C57B00D261BA /* Actors */ = {
			isa = PBXGroup;
			children = (
				43E1B3632676C57B00D261BA /* AppDelegate.swift */,
				43E1B3652676C57B00D261BA /* SceneDelegate.swift */,
				43E1B3672676C57B00D261BA /* ViewController.swift */,
				43E1B3692676C57B00D261BA /* Main.storyboard */,
				43E1B36C2676C57C00D261BA /* Assets.xcassets */,
				43E1B36E2676C57C00D261BA /* LaunchScreen.storyboard */,
				43E1B3712676C57C00D261BA /* Info.plist */,
			);
			path = Actors;
			sourceTree = "<group>";
		};
		43E1B3792676C57C00D261BA /* ActorsTests */ = {
			isa = PBXGroup;
			children = (
				43E1B37A2676C57C00D261BA /* ActorsTests.swift */,
			);
			path = ActorsTests;
			sourceTree = "<group>";
		};
		43E1B3832676C57C00D261BA /* ActorsUITests */ = {
			isa = PBXGroup;
			children = (
				43E1B3842676C57C00D261BA /* ActorsUITests.swift */,
			);
			path = ActorsUITests;
			sourceTree = "<group>";
		};
/* End PBXGroup section */

/* Begin PBXNativeTarget section */
		43E1B35F2676C57B00D261BA /* Actors */ = {
			isa = PBXNativeTarget;
			buildConfigurationList = 43E1B3882676C57C00D261BA /* Build configuration list for PBXNativeTarget "Actors" */;
			buildPhases = (
				43E1B35C2676C57B00D261BA /* Sources */,
				43E1B35D2676C57B00D261BA /* Frameworks */,
				43E1B35E2676C57B00D261BA /* Resources */,
			);
			buildRules = (
			);
			dependencies = (
			);
			name = Actors;
			productName = Actors;
			productReference = 43E1B3602676C57B00D261BA /* Actors.app */;
			productType = "com.apple.product-type.application";
		};
		43E1B3752676C57C00D261BA /* ActorsTests */ = {
			isa = PBXNativeTarget;
			buildConfigurationList = 43E1B38B2676C57C00D261BA /* Build configuration list for PBXNativeTarget "ActorsTests" */;
			buildPhases = (
				43E1B3722676C57C00D261BA /* Sources */,
				43E1B3732676C57C00D261BA /* Frameworks */,
				43E1B3742676C57C00D261BA /* Resources */,
			);
			buildRules = (
			);
			dependencies = (
				43E1B3782676C57C00D261BA /* PBXTargetDependency */,
			);
			name = ActorsTests;
			productName = ActorsTests;
			productReference = 43E1B3762676C57C00D261BA /* ActorsTests.xctest */;
			productType = "com.apple.product-type.bundle.unit-test";
		};
		43E1B37F2676C57C00D261BA /* ActorsUITests */ = {
			isa = PBXNativeTarget;
			buildConfigurationList = 43E1B38E2676C57C00D261BA /* Build configuration list for PBXNativeTarget "ActorsUITests" */;
			buildPhases = (
				43E1B37C2676C57C00D261BA /* Sources */,
				43E1B37D2676C57C00D261BA /* Frameworks */,
				43E1B37E2676C57C00D261BA /* Resources */,
			);
			buildRules = (
			);
			dependencies = (
				43E1B3822676C57C00D261BA /* PBXTargetDependency */,
			);
			name = ActorsUITests;
			productName = ActorsUITests;
			productReference = 43E1B3802676C57C00D261BA /* ActorsUITests.xctest */;
			productType = "com.apple.product-type.bundle.ui-testing";
		};
/* End PBXNativeTarget section */

/* Begin PBXProject section */
		43E1B3582676C57B00D261BA /* Project object */ = {
			isa = PBXProject;
			attributes = {
				BuildIndependentTargetsInParallel = 1;
				LastSwiftUpdateCheck = 1300;
				LastUpgradeCheck = 1300;
				TargetAttributes = {
					43E1B35F2676C57B00D261BA = {
						CreatedOnToolsVersion = 13.0;
					};
					43E1B3752676C57C00D261BA = {
						CreatedOnToolsVersion = 13.0;
						TestTargetID = 43E1B35F2676C57B00D261BA;
					};
					43E1B37F2676C57C00D261BA = {
						CreatedOnToolsVersion = 13.0;
						TestTargetID = 43E1B35F2676C57B00D261BA;
					};
				};
			};
			buildConfigurationList = 43E1B35B2676C57B00D261BA /* Build configuration list for PBXProject "Actors" */;
			compatibilityVersion = "Xcode 13.0";
			developmentRegion = en;
			hasScannedForEncodings = 0;
			knownRegions = (
				en,
				Base,
			);
			mainGroup = 43E1B3572676C57B00D261BA;
			productRefGroup = 43E1B3612676C57B00D261BA /* Products */;
			projectDirPath = "";
			projectRoot = "";
			targets = (
				43E1B35F2676C57B00D261BA /* Actors */,
				43E1B3752676C57C00D261BA /* ActorsTests */,
				43E1B37F2676C57C00D261BA /* ActorsUITests */,
			);
		};
/* End PBXProject section */

/* Begin PBXResourcesBuildPhase section */
		43E1B35E2676C57B00D261BA /* Resources */ = {
			isa = PBXResourcesBuildPhase;
			buildActionMask = 2147483647;
			files = (
				43E1B3702676C57C00D261BA /* LaunchScreen.storyboard in Resources */,
				43E1B36D2676C57C00D261BA /* Assets.xcassets in Resources */,
				43E1B36B2676C57B00D261BA /* Main.storyboard in Resources */,
			);
			runOnlyForDeploymentPostprocessing = 0;
		};
		43E1B3742676C57C00D261BA /* Resources */ = {
			isa = PBXResourcesBuildPhase;
			buildActionMask = 2147483647;
			files = (
			);
			runOnlyForDeploymentPostprocessing = 0;
		};
		43E1B37E2676C57C00D261BA /* Resources */ = {
			isa = PBXResourcesBuildPhase;
			buildActionMask = 2147483647;
			files = (
			);
			runOnlyForDeploymentPostprocessing = 0;
		};
/* End PBXResourcesBuildPhase section */

/* Begin PBXSourcesBuildPhase section */
		43E1B35C2676C57B00D261BA /* Sources */ = {
			isa = PBXSourcesBuildPhase;
			buildActionMask = 2147483647;
			files = (
				43E1B3682676C57B00D261BA /* ViewController.swift in Sources */,
				43E1B3642676C57B00D261BA /* AppDelegate.swift in Sources */,
				43E1B3662676C57B00D261BA /* SceneDelegate.swift in Sources */,
			);
			runOnlyForDeploymentPostprocessing = 0;
		};
		43E1B3722676C57C00D261BA /* Sources */ = {
			isa = PBXSourcesBuildPhase;
			buildActionMask = 2147483647;
			files = (
				43E1B37B2676C57C00D261BA /* ActorsTests.swift in Sources */,
			);
			runOnlyForDeploymentPostprocessing = 0;
		};
		43E1B37C2676C57C00D261BA /* Sources */ = {
			isa = PBXSourcesBuildPhase;
			buildActionMask = 2147483647;
			files = (
				43E1B3852676C57C00D261BA /* ActorsUITests.swift in Sources */,
			);
			runOnlyForDeploymentPostprocessing = 0;
		};
/* End PBXSourcesBuildPhase section */

/* Begin PBXTargetDependency section */
		43E1B3782676C57C00D261BA /* PBXTargetDependency */ = {
			isa = PBXTargetDependency;
			target = 43E1B35F2676C57B00D261BA /* Actors */;
			targetProxy = 43E1B3772676C57C00D261BA /* PBXContainerItemProxy */;
		};
		43E1B3822676C57C00D261BA /* PBXTargetDependency */ = {
			isa = PBXTargetDependency;
			target = 43E1B35F2676C57B00D261BA /* Actors */;
			targetProxy = 43E1B3812676C57C00D261BA /* PBXContainerItemProxy */;
		};
/* End PBXTargetDependency section */

/* Begin PBXVariantGroup section */
		43E1B3692676C57B00D261BA /* Main.storyboard */ = {
			isa = PBXVariantGroup;
			children = (
				43E1B36A2676C57B00D261BA /* Base */,
			);
			name = Main.storyboard;
			sourceTree = "<group>";
		};
		43E1B36E2676C57C00D261BA /* LaunchScreen.storyboard */ = {
			isa = PBXVariantGroup;
			children = (
				43E1B36F2676C57C00D261BA /* Base */,
			);
			name = LaunchScreen.storyboard;
			sourceTree = "<group>";
		};
/* End PBXVariantGroup section */

/* Begin XCBuildConfiguration section */
		43E1B3862676C57C00D261BA /* Debug */ = {
			isa = XCBuildConfiguration;
			buildSettings = {
				ALWAYS_SEARCH_USER_PATHS = NO;
				CLANG_ANALYZER_NONNULL = YES;
				CLANG_ANALYZER_NUMBER_OBJECT_CONVERSION = YES_AGGRESSIVE;
				CLANG_CXX_LANGUAGE_STANDARD = "gnu++14";
				CLANG_CXX_LIBRARY = "libc++";
				CLANG_ENABLE_MODULES = YES;
				CLANG_ENABLE_OBJC_ARC = YES;
				CLANG_ENABLE_OBJC_WEAK = YES;
				CLANG_WARN_BLOCK_CAPTURE_AUTORELEASING = YES;
				CLANG_WARN_BOOL_CONVERSION = YES;
				CLANG_WARN_COMMA = YES;
				CLANG_WARN_CONSTANT_CONVERSION = YES;
				CLANG_WARN_DEPRECATED_OBJC_IMPLEMENTATIONS = YES;
				CLANG_WARN_DIRECT_OBJC_ISA_USAGE = YES_ERROR;
				CLANG_WARN_DOCUMENTATION_COMMENTS = YES;
				CLANG_WARN_EMPTY_BODY = YES;
				CLANG_WARN_ENUM_CONVERSION = YES;
				CLANG_WARN_INFINITE_RECURSION = YES;
				CLANG_WARN_INT_CONVERSION = YES;
				CLANG_WARN_NON_LITERAL_NULL_CONVERSION = YES;
				CLANG_WARN_OBJC_IMPLICIT_RETAIN_SELF = YES;
				CLANG_WARN_OBJC_LITERAL_CONVERSION = YES;
				CLANG_WARN_OBJC_ROOT_CLASS = YES_ERROR;
				CLANG_WARN_QUOTED_INCLUDE_IN_FRAMEWORK_HEADER = YES;
				CLANG_WARN_RANGE_LOOP_ANALYSIS = YES;
				CLANG_WARN_STRICT_PROTOTYPES = YES;
				CLANG_WARN_SUSPICIOUS_MOVE = YES;
				CLANG_WARN_UNGUARDED_AVAILABILITY = YES_AGGRESSIVE;
				CLANG_WARN_UNREACHABLE_CODE = YES;
				CLANG_WARN__DUPLICATE_METHOD_MATCH = YES;
				COPY_PHASE_STRIP = NO;
				DEBUG_INFORMATION_FORMAT = dwarf;
				ENABLE_STRICT_OBJC_MSGSEND = YES;
				ENABLE_TESTABILITY = YES;
				GCC_C_LANGUAGE_STANDARD = gnu11;
				GCC_DYNAMIC_NO_PIC = NO;
				GCC_NO_COMMON_BLOCKS = YES;
				GCC_OPTIMIZATION_LEVEL = 0;
				GCC_PREPROCESSOR_DEFINITIONS = (
					"DEBUG=1",
					"$(inherited)",
				);
				GCC_WARN_64_TO_32_BIT_CONVERSION = YES;
				GCC_WARN_ABOUT_RETURN_TYPE = YES_ERROR;
				GCC_WARN_UNDECLARED_SELECTOR = YES;
				GCC_WARN_UNINITIALIZED_AUTOS = YES_AGGRESSIVE;
				GCC_WARN_UNUSED_FUNCTION = YES;
				GCC_WARN_UNUSED_VARIABLE = YES;
				IPHONEOS_DEPLOYMENT_TARGET = 15.0;
				MTL_ENABLE_DEBUG_INFO = INCLUDE_SOURCE;
				MTL_FAST_MATH = YES;
				ONLY_ACTIVE_ARCH = YES;
				SDKROOT = iphoneos;
				SWIFT_ACTIVE_COMPILATION_CONDITIONS = DEBUG;
				SWIFT_OPTIMIZATION_LEVEL = "-Onone";
			};
			name = Debug;
		};
		43E1B3872676C57C00D261BA /* Release */ = {
			isa = XCBuildConfiguration;
			buildSettings = {
				ALWAYS_SEARCH_USER_PATHS = NO;
				CLANG_ANALYZER_NONNULL = YES;
				CLANG_ANALYZER_NUMBER_OBJECT_CONVERSION = YES_AGGRESSIVE;
				CLANG_CXX_LANGUAGE_STANDARD = "gnu++14";
				CLANG_CXX_LIBRARY = "libc++";
				CLANG_ENABLE_MODULES = YES;
				CLANG_ENABLE_OBJC_ARC = YES;
				CLANG_ENABLE_OBJC_WEAK = YES;
				CLANG_WARN_BLOCK_CAPTURE_AUTORELEASING = YES;
				CLANG_WARN_BOOL_CONVERSION = YES;
				CLANG_WARN_COMMA = YES;
				CLANG_WARN_CONSTANT_CONVERSION = YES;
				CLANG_WARN_DEPRECATED_OBJC_IMPLEMENTATIONS = YES;
				CLANG_WARN_DIRECT_OBJC_ISA_USAGE = YES_ERROR;
				CLANG_WARN_DOCUMENTATION_COMMENTS = YES;
				CLANG_WARN_EMPTY_BODY = YES;
				CLANG_WARN_ENUM_CONVERSION = YES;
				CLANG_WARN_INFINITE_RECURSION = YES;
				CLANG_WARN_INT_CONVERSION = YES;
				CLANG_WARN_NON_LITERAL_NULL_CONVERSION = YES;
				CLANG_WARN_OBJC_IMPLICIT_RETAIN_SELF = YES;
				CLANG_WARN_OBJC_LITERAL_CONVERSION = YES;
				CLANG_WARN_OBJC_ROOT_CLASS = YES_ERROR;
				CLANG_WARN_QUOTED_INCLUDE_IN_FRAMEWORK_HEADER = YES;
				CLANG_WARN_RANGE_LOOP_ANALYSIS = YES;
				CLANG_WARN_STRICT_PROTOTYPES = YES;
				CLANG_WARN_SUSPICIOUS_MOVE = YES;
				CLANG_WARN_UNGUARDED_AVAILABILITY = YES_AGGRESSIVE;
				CLANG_WARN_UNREACHABLE_CODE = YES;
				CLANG_WARN__DUPLICATE_METHOD_MATCH = YES;
				COPY_PHASE_STRIP = NO;
				DEBUG_INFORMATION_FORMAT = "dwarf-with-dsym";
				ENABLE_NS_ASSERTIONS = NO;
				ENABLE_STRICT_OBJC_MSGSEND = YES;
				GCC_C_LANGUAGE_STANDARD = gnu11;
				GCC_NO_COMMON_BLOCKS = YES;
				GCC_WARN_64_TO_32_BIT_CONVERSION = YES;
				GCC_WARN_ABOUT_RETURN_TYPE = YES_ERROR;
				GCC_WARN_UNDECLARED_SELECTOR = YES;
				GCC_WARN_UNINITIALIZED_AUTOS = YES_AGGRESSIVE;
				GCC_WARN_UNUSED_FUNCTION = YES;
				GCC_WARN_UNUSED_VARIABLE = YES;
				IPHONEOS_DEPLOYMENT_TARGET = 15.0;
				MTL_ENABLE_DEBUG_INFO = NO;
				MTL_FAST_MATH = YES;
				SDKROOT = iphoneos;
				SWIFT_COMPILATION_MODE = wholemodule;
				SWIFT_OPTIMIZATION_LEVEL = "-O";
				VALIDATE_PRODUCT = YES;
			};
			name = Release;
		};
		43E1B3892676C57C00D261BA /* Debug */ = {
			isa = XCBuildConfiguration;
			buildSettings = {
				ASSETCATALOG_COMPILER_APPICON_NAME = AppIcon;
				ASSETCATALOG_COMPILER_GLOBAL_ACCENT_COLOR_NAME = AccentColor;
				CODE_SIGN_STYLE = Automatic;
				CURRENT_PROJECT_VERSION = 1;
				DEVELOPMENT_TEAM = 2ZZT8J29LV;
				GENERATE_INFOPLIST_FILE = YES;
				INFOPLIST_FILE = Actors/Info.plist;
				INFOPLIST_KEY_UIApplicationSupportsIndirectInputEvents = YES;
				INFOPLIST_KEY_UILaunchStoryboardName = LaunchScreen;
				INFOPLIST_KEY_UIMainStoryboardFile = Main;
				INFOPLIST_KEY_UISupportedInterfaceOrientations_iPad = "UIInterfaceOrientationPortrait UIInterfaceOrientationPortraitUpsideDown UIInterfaceOrientationLandscapeLeft UIInterfaceOrientationLandscapeRight";
				INFOPLIST_KEY_UISupportedInterfaceOrientations_iPhone = "UIInterfaceOrientationPortrait UIInterfaceOrientationLandscapeLeft UIInterfaceOrientationLandscapeRight";
				LD_RUNPATH_SEARCH_PATHS = (
					"$(inherited)",
					"@executable_path/Frameworks",
				);
				MARKETING_VERSION = 1.0;
				PRODUCT_BUNDLE_IDENTIFIER = com.nb.Actors;
				PRODUCT_NAME = "$(TARGET_NAME)";
				SWIFT_EMIT_LOC_STRINGS = YES;
				SWIFT_VERSION = 5.0;
				TARGETED_DEVICE_FAMILY = "1,2";
			};
			name = Debug;
		};
		43E1B38A2676C57C00D261BA /* Release */ = {
			isa = XCBuildConfiguration;
			buildSettings = {
				ASSETCATALOG_COMPILER_APPICON_NAME = AppIcon;
				ASSETCATALOG_COMPILER_GLOBAL_ACCENT_COLOR_NAME = AccentColor;
				CODE_SIGN_STYLE = Automatic;
				CURRENT_PROJECT_VERSION = 1;
				DEVELOPMENT_TEAM = 2ZZT8J29LV;
				GENERATE_INFOPLIST_FILE = YES;
				INFOPLIST_FILE = Actors/Info.plist;
				INFOPLIST_KEY_UIApplicationSupportsIndirectInputEvents = YES;
				INFOPLIST_KEY_UILaunchStoryboardName = LaunchScreen;
				INFOPLIST_KEY_UIMainStoryboardFile = Main;
				INFOPLIST_KEY_UISupportedInterfaceOrientations_iPad = "UIInterfaceOrientationPortrait UIInterfaceOrientationPortraitUpsideDown UIInterfaceOrientationLandscapeLeft UIInterfaceOrientationLandscapeRight";
				INFOPLIST_KEY_UISupportedInterfaceOrientations_iPhone = "UIInterfaceOrientationPortrait UIInterfaceOrientationLandscapeLeft UIInterfaceOrientationLandscapeRight";
				LD_RUNPATH_SEARCH_PATHS = (
					"$(inherited)",
					"@executable_path/Frameworks",
				);
				MARKETING_VERSION = 1.0;
				PRODUCT_BUNDLE_IDENTIFIER = com.nb.Actors;
				PRODUCT_NAME = "$(TARGET_NAME)";
				SWIFT_EMIT_LOC_STRINGS = YES;
				SWIFT_VERSION = 5.0;
				TARGETED_DEVICE_FAMILY = "1,2";
			};
			name = Release;
		};
		43E1B38C2676C57C00D261BA /* Debug */ = {
			isa = XCBuildConfiguration;
			buildSettings = {
				ALWAYS_EMBED_SWIFT_STANDARD_LIBRARIES = YES;
				BUNDLE_LOADER = "$(TEST_HOST)";
				CODE_SIGN_STYLE = Automatic;
				CURRENT_PROJECT_VERSION = 1;
				DEVELOPMENT_TEAM = 2ZZT8J29LV;
				GENERATE_INFOPLIST_FILE = YES;
				IPHONEOS_DEPLOYMENT_TARGET = 15.0;
				LD_RUNPATH_SEARCH_PATHS = (
					"$(inherited)",
					"@executable_path/Frameworks",
					"@loader_path/Frameworks",
				);
				MARKETING_VERSION = 1.0;
				PRODUCT_BUNDLE_IDENTIFIER = com.nb.ActorsTests;
				PRODUCT_NAME = "$(TARGET_NAME)";
				SWIFT_EMIT_LOC_STRINGS = NO;
				SWIFT_VERSION = 5.0;
				TARGETED_DEVICE_FAMILY = "1,2";
				TEST_HOST = "$(BUILT_PRODUCTS_DIR)/Actors.app/Actors";
			};
			name = Debug;
		};
		43E1B38D2676C57C00D261BA /* Release */ = {
			isa = XCBuildConfiguration;
			buildSettings = {
				ALWAYS_EMBED_SWIFT_STANDARD_LIBRARIES = YES;
				BUNDLE_LOADER = "$(TEST_HOST)";
				CODE_SIGN_STYLE = Automatic;
				CURRENT_PROJECT_VERSION = 1;
				DEVELOPMENT_TEAM = 2ZZT8J29LV;
				GENERATE_INFOPLIST_FILE = YES;
				IPHONEOS_DEPLOYMENT_TARGET = 15.0;
				LD_RUNPATH_SEARCH_PATHS = (
					"$(inherited)",
					"@executable_path/Frameworks",
					"@loader_path/Frameworks",
				);
				MARKETING_VERSION = 1.0;
				PRODUCT_BUNDLE_IDENTIFIER = com.nb.ActorsTests;
				PRODUCT_NAME = "$(TARGET_NAME)";
				SWIFT_EMIT_LOC_STRINGS = NO;
				SWIFT_VERSION = 5.0;
				TARGETED_DEVICE_FAMILY = "1,2";
				TEST_HOST = "$(BUILT_PRODUCTS_DIR)/Actors.app/Actors";
			};
			name = Release;
		};
		43E1B38F2676C57C00D261BA /* Debug */ = {
			isa = XCBuildConfiguration;
			buildSettings = {
				ALWAYS_EMBED_SWIFT_STANDARD_LIBRARIES = YES;
				CODE_SIGN_STYLE = Automatic;
				CURRENT_PROJECT_VERSION = 1;
				DEVELOPMENT_TEAM = 2ZZT8J29LV;
				GENERATE_INFOPLIST_FILE = YES;
				LD_RUNPATH_SEARCH_PATHS = (
					"$(inherited)",
					"@executable_path/Frameworks",
					"@loader_path/Frameworks",
				);
				MARKETING_VERSION = 1.0;
				PRODUCT_BUNDLE_IDENTIFIER = com.nb.ActorsUITests;
				PRODUCT_NAME = "$(TARGET_NAME)";
				SWIFT_EMIT_LOC_STRINGS = NO;
				SWIFT_VERSION = 5.0;
				TARGETED_DEVICE_FAMILY = "1,2";
				TEST_TARGET_NAME = Actors;
			};
			name = Debug;
		};
		43E1B3902676C57C00D261BA /* Release */ = {
			isa = XCBuildConfiguration;
			buildSettings = {
				ALWAYS_EMBED_SWIFT_STANDARD_LIBRARIES = YES;
				CODE_SIGN_STYLE = Automatic;
				CURRENT_PROJECT_VERSION = 1;
				DEVELOPMENT_TEAM = 2ZZT8J29LV;
				GENERATE_INFOPLIST_FILE = YES;
				LD_RUNPATH_SEARCH_PATHS = (
					"$(inherited)",
					"@executable_path/Frameworks",
					"@loader_path/Frameworks",
				);
				MARKETING_VERSION = 1.0;
				PRODUCT_BUNDLE_IDENTIFIER = com.nb.ActorsUITests;
				PRODUCT_NAME = "$(TARGET_NAME)";
				SWIFT_EMIT_LOC_STRINGS = NO;
				SWIFT_VERSION = 5.0;
				TARGETED_DEVICE_FAMILY = "1,2";
				TEST_TARGET_NAME = Actors;
			};
			name = Release;
		};
/* End XCBuildConfiguration section */

/* Begin XCConfigurationList section */
		43E1B35B2676C57B00D261BA /* Build configuration list for PBXProject "Actors" */ = {
			isa = XCConfigurationList;
			buildConfigurations = (
				43E1B3862676C57C00D261BA /* Debug */,
				43E1B3872676C57C00D261BA /* Release */,
			);
			defaultConfigurationIsVisible = 0;
			defaultConfigurationName = Release;
		};
		43E1B3882676C57C00D261BA /* Build configuration list for PBXNativeTarget "Actors" */ = {
			isa = XCConfigurationList;
			buildConfigurations = (
				43E1B3892676C57C00D261BA /* Debug */,
				43E1B38A2676C57C00D261BA /* Release */,
			);
			defaultConfigurationIsVisible = 0;
			defaultConfigurationName = Release;
		};
		43E1B38B2676C57C00D261BA /* Build configuration list for PBXNativeTarget "ActorsTests" */ = {
			isa = XCConfigurationList;
			buildConfigurations = (
				43E1B38C2676C57C00D261BA /* Debug */,
				43E1B38D2676C57C00D261BA /* Release */,
			);
			defaultConfigurationIsVisible = 0;
			defaultConfigurationName = Release;
		};
		43E1B38E2676C57C00D261BA /* Build configuration list for PBXNativeTarget "ActorsUITests" */ = {
			isa = XCConfigurationList;
			buildConfigurations = (
				43E1B38F2676C57C00D261BA /* Debug */,
				43E1B3902676C57C00D261BA /* Release */,
			);
			defaultConfigurationIsVisible = 0;
			defaultConfigurationName = Release;
		};
/* End XCConfigurationList section */
	};
	rootObject = 43E1B3582676C57B00D261BA /* Project object */;
}
